
Microsoft Visual Studio Solution File, Format Version 12.00
# Visual Studio Version 17
VisualStudioVersion = 17.11.35327.3
MinimumVisualStudioVersion = 10.0.40219.1
Project("{FAE04EC0-301F-11D3-BF4B-00C04F79EFBC}") = "FinTracker.Api", "FinTracker.Api\FinTracker.Api.csproj", "{2AC5535D-9F32-434E-B392-785FC6664135}"
EndProject
Project("{2150E333-8FDC-42A3-9474-1A3956D46DE8}") = "src", "src", "{54EA0FB6-3D06-40D5-A835-29B33682C6A8}"
EndProject
Global
	GlobalSection(SolutionConfigurationPlatforms) = preSolution
		Debug|Any CPU = Debug|Any CPU
		Release|Any CPU = Release|Any CPU
	EndGlobalSection
	GlobalSection(ProjectConfigurationPlatforms) = postSolution
		{2AC5535D-9F32-434E-B392-785FC6664135}.Debug|Any CPU.ActiveCfg = Debug|Any CPU
		{2AC5535D-9F32-434E-B392-785FC6664135}.Debug|Any CPU.Build.0 = Debug|Any CPU
		{2AC5535D-9F32-434E-B392-785FC6664135}.Release|Any CPU.ActiveCfg = Release|Any CPU
		{2AC5535D-9F32-434E-B392-785FC6664135}.Release|Any CPU.Build.0 = Release|Any CPU
	EndGlobalSection
	GlobalSection(SolutionProperties) = preSolution
		HideSolutionNode = FALSE
	EndGlobalSection
	GlobalSection(NestedProjects) = preSolution
		{2AC5535D-9F32-434E-B392-785FC6664135} = {54EA0FB6-3D06-40D5-A835-29B33682C6A8}
	EndGlobalSection
	GlobalSection(ExtensibilityGlobals) = postSolution
		SolutionGuid = {7B5FA447-DD62-4BB6-8CB9-B9563378FF65}
	EndGlobalSection
EndGlobal
